
Microsoft Visual Studio Solution File, Format Version 12.00
# Visual Studio Version 17
VisualStudioVersion = 17.4.33213.308
MinimumVisualStudioVersion = 10.0.40219.1
Project("{FAE04EC0-301F-11D3-BF4B-00C04F79EFBC}") = "Mission12_dlbaldwi", "Mission12_dlbaldwi.csproj", "{ACAC59FB-B773-44E1-B033-9CC78D0C3E85}"
EndProject
Global
	GlobalSection(SolutionConfigurationPlatforms) = preSolution
		Debug|Any CPU = Debug|Any CPU
		Release|Any CPU = Release|Any CPU
	EndGlobalSection
	GlobalSection(ProjectConfigurationPlatforms) = postSolution
		{ACAC59FB-B773-44E1-B033-9CC78D0C3E85}.Debug|Any CPU.ActiveCfg = Debug|Any CPU
		{ACAC59FB-B773-44E1-B033-9CC78D0C3E85}.Debug|Any CPU.Build.0 = Debug|Any CPU
		{ACAC59FB-B773-44E1-B033-9CC78D0C3E85}.Release|Any CPU.ActiveCfg = Release|Any CPU
		{ACAC59FB-B773-44E1-B033-9CC78D0C3E85}.Release|Any CPU.Build.0 = Release|Any CPU
	EndGlobalSection
	GlobalSection(SolutionProperties) = preSolution
		HideSolutionNode = FALSE
	EndGlobalSection
	GlobalSection(ExtensibilityGlobals) = postSolution
		SolutionGuid = {C758F208-C282-48B3-958E-509BA2D9E4ED}
	EndGlobalSection
EndGlobal
